
Microsoft Visual Studio Solution File, Format Version 12.00
# Visual Studio Version 16
VisualStudioVersion = 16.0.30114.105
MinimumVisualStudioVersion = 10.0.40219.1
Project("{FAE04EC0-301F-11D3-BF4B-00C04F79EFBC}") = "EventifyApplication", "EventifyApplication\EventifyApplication.csproj", "{46E5AD0B-2F5C-4047-A0E3-C8311A0815A9}"
EndProject
Project("{FAE04EC0-301F-11D3-BF4B-00C04F79EFBC}") = "EventifyDomain", "EventifyDomain\EventifyDomain.csproj", "{4EB6F5F2-6A29-4522-8A20-E87DC0E107CE}"
EndProject
Project("{FAE04EC0-301F-11D3-BF4B-00C04F79EFBC}") = "EventifyAPI", "EventifyAPI\EventifyAPI.csproj", "{4EDAA146-F785-4895-8DA9-93EB75874B95}"
EndProject
Project("{FAE04EC0-301F-11D3-BF4B-00C04F79EFBC}") = "EventifyPersistence", "EventifyPersistence\EventifyPersistence.csproj", "{D492EFA6-C4D0-485A-8791-94CA3EE646A5}"
EndProject
Global
	GlobalSection(SolutionConfigurationPlatforms) = preSolution
		Debug|Any CPU = Debug|Any CPU
		Debug|x64 = Debug|x64
		Debug|x86 = Debug|x86
		Release|Any CPU = Release|Any CPU
		Release|x64 = Release|x64
		Release|x86 = Release|x86
	EndGlobalSection
	GlobalSection(SolutionProperties) = preSolution
		HideSolutionNode = FALSE
	EndGlobalSection
	GlobalSection(ProjectConfigurationPlatforms) = postSolution
		{46E5AD0B-2F5C-4047-A0E3-C8311A0815A9}.Debug|Any CPU.ActiveCfg = Debug|Any CPU
		{46E5AD0B-2F5C-4047-A0E3-C8311A0815A9}.Debug|Any CPU.Build.0 = Debug|Any CPU
		{46E5AD0B-2F5C-4047-A0E3-C8311A0815A9}.Debug|x64.ActiveCfg = Debug|Any CPU
		{46E5AD0B-2F5C-4047-A0E3-C8311A0815A9}.Debug|x64.Build.0 = Debug|Any CPU
		{46E5AD0B-2F5C-4047-A0E3-C8311A0815A9}.Debug|x86.ActiveCfg = Debug|Any CPU
		{46E5AD0B-2F5C-4047-A0E3-C8311A0815A9}.Debug|x86.Build.0 = Debug|Any CPU
		{46E5AD0B-2F5C-4047-A0E3-C8311A0815A9}.Release|Any CPU.ActiveCfg = Release|Any CPU
		{46E5AD0B-2F5C-4047-A0E3-C8311A0815A9}.Release|Any CPU.Build.0 = Release|Any CPU
		{46E5AD0B-2F5C-4047-A0E3-C8311A0815A9}.Release|x64.ActiveCfg = Release|Any CPU
		{46E5AD0B-2F5C-4047-A0E3-C8311A0815A9}.Release|x64.Build.0 = Release|Any CPU
		{46E5AD0B-2F5C-4047-A0E3-C8311A0815A9}.Release|x86.ActiveCfg = Release|Any CPU
		{46E5AD0B-2F5C-4047-A0E3-C8311A0815A9}.Release|x86.Build.0 = Release|Any CPU
		{4EB6F5F2-6A29-4522-8A20-E87DC0E107CE}.Debug|Any CPU.ActiveCfg = Debug|Any CPU
		{4EB6F5F2-6A29-4522-8A20-E87DC0E107CE}.Debug|Any CPU.Build.0 = Debug|Any CPU
		{4EB6F5F2-6A29-4522-8A20-E87DC0E107CE}.Debug|x64.ActiveCfg = Debug|Any CPU
		{4EB6F5F2-6A29-4522-8A20-E87DC0E107CE}.Debug|x64.Build.0 = Debug|Any CPU
		{4EB6F5F2-6A29-4522-8A20-E87DC0E107CE}.Debug|x86.ActiveCfg = Debug|Any CPU
		{4EB6F5F2-6A29-4522-8A20-E87DC0E107CE}.Debug|x86.Build.0 = Debug|Any CPU
		{4EB6F5F2-6A29-4522-8A20-E87DC0E107CE}.Release|Any CPU.ActiveCfg = Release|Any CPU
		{4EB6F5F2-6A29-4522-8A20-E87DC0E107CE}.Release|Any CPU.Build.0 = Release|Any CPU
		{4EB6F5F2-6A29-4522-8A20-E87DC0E107CE}.Release|x64.ActiveCfg = Release|Any CPU
		{4EB6F5F2-6A29-4522-8A20-E87DC0E107CE}.Release|x64.Build.0 = Release|Any CPU
		{4EB6F5F2-6A29-4522-8A20-E87DC0E107CE}.Release|x86.ActiveCfg = Release|Any CPU
		{4EB6F5F2-6A29-4522-8A20-E87DC0E107CE}.Release|x86.Build.0 = Release|Any CPU
		{4EDAA146-F785-4895-8DA9-93EB75874B95}.Debug|Any CPU.ActiveCfg = Debug|Any CPU
		{4EDAA146-F785-4895-8DA9-93EB75874B95}.Debug|Any CPU.Build.0 = Debug|Any CPU
		{4EDAA146-F785-4895-8DA9-93EB75874B95}.Debug|x64.ActiveCfg = Debug|Any CPU
		{4EDAA146-F785-4895-8DA9-93EB75874B95}.Debug|x64.Build.0 = Debug|Any CPU
		{4EDAA146-F785-4895-8DA9-93EB75874B95}.Debug|x86.ActiveCfg = Debug|Any CPU
		{4EDAA146-F785-4895-8DA9-93EB75874B95}.Debug|x86.Build.0 = Debug|Any CPU
		{4EDAA146-F785-4895-8DA9-93EB75874B95}.Release|Any CPU.ActiveCfg = Release|Any CPU
		{4EDAA146-F785-4895-8DA9-93EB75874B95}.Release|Any CPU.Build.0 = Release|Any CPU
		{4EDAA146-F785-4895-8DA9-93EB75874B95}.Release|x64.ActiveCfg = Release|Any CPU
		{4EDAA146-F785-4895-8DA9-93EB75874B95}.Release|x64.Build.0 = Release|Any CPU
		{4EDAA146-F785-4895-8DA9-93EB75874B95}.Release|x86.ActiveCfg = Release|Any CPU
		{4EDAA146-F785-4895-8DA9-93EB75874B95}.Release|x86.Build.0 = Release|Any CPU
		{D492EFA6-C4D0-485A-8791-94CA3EE646A5}.Debug|Any CPU.ActiveCfg = Debug|Any CPU
		{D492EFA6-C4D0-485A-8791-94CA3EE646A5}.Debug|Any CPU.Build.0 = Debug|Any CPU
		{D492EFA6-C4D0-485A-8791-94CA3EE646A5}.Debug|x64.ActiveCfg = Debug|Any CPU
		{D492EFA6-C4D0-485A-8791-94CA3EE646A5}.Debug|x64.Build.0 = Debug|Any CPU
		{D492EFA6-C4D0-485A-8791-94CA3EE646A5}.Debug|x86.ActiveCfg = Debug|Any CPU
		{D492EFA6-C4D0-485A-8791-94CA3EE646A5}.Debug|x86.Build.0 = Debug|Any CPU
		{D492EFA6-C4D0-485A-8791-94CA3EE646A5}.Release|Any CPU.ActiveCfg = Release|Any CPU
		{D492EFA6-C4D0-485A-8791-94CA3EE646A5}.Release|Any CPU.Build.0 = Release|Any CPU
		{D492EFA6-C4D0-485A-8791-94CA3EE646A5}.Release|x64.ActiveCfg = Release|Any CPU
		{D492EFA6-C4D0-485A-8791-94CA3EE646A5}.Release|x64.Build.0 = Release|Any CPU
		{D492EFA6-C4D0-485A-8791-94CA3EE646A5}.Release|x86.ActiveCfg = Release|Any CPU
		{D492EFA6-C4D0-485A-8791-94CA3EE646A5}.Release|x86.Build.0 = Release|Any CPU
	EndGlobalSection
EndGlobal
